
Microsoft Visual Studio Solution File, Format Version 11.00
# Visual Studio 2010
Project("{FAE04EC0-301F-11D3-BF4B-00C04F79EFBC}") = "FlyOutMenu", "FlyOutMenu\FlyOutMenu.csproj", "{DC4A371A-1B94-4270-9EB6-F44A59153567}"
EndProject
Global
	GlobalSection(SolutionConfigurationPlatforms) = preSolution
		Debug|Any CPU = Debug|Any CPU
		Release|Any CPU = Release|Any CPU
	EndGlobalSection
	GlobalSection(ProjectConfigurationPlatforms) = postSolution
		{DC4A371A-1B94-4270-9EB6-F44A59153567}.Debug|Any CPU.ActiveCfg = Debug|Any CPU
		{DC4A371A-1B94-4270-9EB6-F44A59153567}.Debug|Any CPU.Build.0 = Debug|Any CPU
		{DC4A371A-1B94-4270-9EB6-F44A59153567}.Release|Any CPU.ActiveCfg = Release|Any CPU
		{DC4A371A-1B94-4270-9EB6-F44A59153567}.Release|Any CPU.Build.0 = Release|Any CPU
	EndGlobalSection
	GlobalSection(MonoDevelopProperties) = preSolution
		StartupItem = FlyOutMenu\FlyOutMenu.csproj
	EndGlobalSection
EndGlobal
